
Microsoft Visual Studio Solution File, Format Version 11.00
# Visual Studio 2010
Project("{FAE04EC0-301F-11D3-BF4B-00C04F79EFBC}") = "The Demite", "Assembly-CSharp.csproj", "{0C1DA4AB-F2BD-81C3-CCE3-9ADF360E1622}"
EndProject
Project("{FAE04EC0-301F-11D3-BF4B-00C04F79EFBC}") = "The Demite", "Assembly-CSharp-firstpass.csproj", "{BA59C99E-7406-AD67-1E32-7F6879F6BAE8}"
EndProject
Project("{FAE04EC0-301F-11D3-BF4B-00C04F79EFBC}") = "The Demite", "Assembly-CSharp-Editor.csproj", "{60E98B5F-B5D0-1B5D-DB20-6117F7F6765C}"
EndProject
Project("{FAE04EC0-301F-11D3-BF4B-00C04F79EFBC}") = "The Demite", "Assembly-CSharp-Editor-firstpass.csproj", "{8687BD77-77C9-2569-EA0A-BF0135358DD5}"
EndProject
Global
	GlobalSection(SolutionConfigurationPlatforms) = preSolution
		Debug|Any CPU = Debug|Any CPU
		Release|Any CPU = Release|Any CPU
	EndGlobalSection
	GlobalSection(ProjectConfigurationPlatforms) = postSolution
		{0C1DA4AB-F2BD-81C3-CCE3-9ADF360E1622}.Debug|Any CPU.ActiveCfg = Debug|Any CPU
		{0C1DA4AB-F2BD-81C3-CCE3-9ADF360E1622}.Debug|Any CPU.Build.0 = Debug|Any CPU
		{0C1DA4AB-F2BD-81C3-CCE3-9ADF360E1622}.Release|Any CPU.ActiveCfg = Release|Any CPU
		{0C1DA4AB-F2BD-81C3-CCE3-9ADF360E1622}.Release|Any CPU.Build.0 = Release|Any CPU
		{BA59C99E-7406-AD67-1E32-7F6879F6BAE8}.Debug|Any CPU.ActiveCfg = Debug|Any CPU
		{BA59C99E-7406-AD67-1E32-7F6879F6BAE8}.Debug|Any CPU.Build.0 = Debug|Any CPU
		{BA59C99E-7406-AD67-1E32-7F6879F6BAE8}.Release|Any CPU.ActiveCfg = Release|Any CPU
		{BA59C99E-7406-AD67-1E32-7F6879F6BAE8}.Release|Any CPU.Build.0 = Release|Any CPU
		{60E98B5F-B5D0-1B5D-DB20-6117F7F6765C}.Debug|Any CPU.ActiveCfg = Debug|Any CPU
		{60E98B5F-B5D0-1B5D-DB20-6117F7F6765C}.Debug|Any CPU.Build.0 = Debug|Any CPU
		{60E98B5F-B5D0-1B5D-DB20-6117F7F6765C}.Release|Any CPU.ActiveCfg = Release|Any CPU
		{60E98B5F-B5D0-1B5D-DB20-6117F7F6765C}.Release|Any CPU.Build.0 = Release|Any CPU
		{8687BD77-77C9-2569-EA0A-BF0135358DD5}.Debug|Any CPU.ActiveCfg = Debug|Any CPU
		{8687BD77-77C9-2569-EA0A-BF0135358DD5}.Debug|Any CPU.Build.0 = Debug|Any CPU
		{8687BD77-77C9-2569-EA0A-BF0135358DD5}.Release|Any CPU.ActiveCfg = Release|Any CPU
		{8687BD77-77C9-2569-EA0A-BF0135358DD5}.Release|Any CPU.Build.0 = Release|Any CPU
	EndGlobalSection
	GlobalSection(SolutionProperties) = preSolution
		HideSolutionNode = FALSE
	EndGlobalSection
	GlobalSection(MonoDevelopProperties) = preSolution
		StartupItem = Assembly-CSharp.csproj
	EndGlobalSection
EndGlobal
